// !$*UTF8*$!
{
	archiveVersion = 1;
	classes = {
	};
	objectVersion = 55;
	objects = {

/* Begin PBXBuildFile section */
		914AC4BC27897F06000054A3 /* OtherAPPApp.swift in Sources */ = {isa = PBXBuildFile; fileRef = 914AC4BB27897F06000054A3 /* OtherAPPApp.swift */; };
		914AC4BE27897F06000054A3 /* ContentView.swift in Sources */ = {isa = PBXBuildFile; fileRef = 914AC4BD27897F06000054A3 /* ContentView.swift */; };
		914AC4C027897F07000054A3 /* Assets.xcassets in Resources */ = {isa = PBXBuildFile; fileRef = 914AC4BF27897F07000054A3 /* Assets.xcassets */; };
		914AC4C327897F07000054A3 /* Preview Assets.xcassets in Resources */ = {isa = PBXBuildFile; fileRef = 914AC4C227897F07000054A3 /* Preview Assets.xcassets */; };
		914AC4CD27897F07000054A3 /* OtherAPPTests.swift in Sources */ = {isa = PBXBuildFile; fileRef = 914AC4CC27897F07000054A3 /* OtherAPPTests.swift */; };
		914AC4D727897F07000054A3 /* OtherAPPUITests.swift in Sources */ = {isa = PBXBuildFile; fileRef = 914AC4D627897F07000054A3 /* OtherAPPUITests.swift */; };
		914AC4D927897F07000054A3 /* OtherAPPUITestsLaunchTests.swift in Sources */ = {isa = PBXBuildFile; fileRef = 914AC4D827897F07000054A3 /* OtherAPPUITestsLaunchTests.swift */; };
/* End PBXBuildFile section */

/* Begin PBXContainerItemProxy section */
		914AC4C927897F07000054A3 /* PBXContainerItemProxy */ = {
			isa = PBXContainerItemProxy;
			containerPortal = 914AC4B027897F06000054A3 /* Project object */;
			proxyType = 1;
			remoteGlobalIDString = 914AC4B727897F06000054A3;
			remoteInfo = OtherAPP;
		};
		914AC4D327897F07000054A3 /* PBXContainerItemProxy */ = {
			isa = PBXContainerItemProxy;
			containerPortal = 914AC4B027897F06000054A3 /* Project object */;
			proxyType = 1;
			remoteGlobalIDString = 914AC4B727897F06000054A3;
			remoteInfo = OtherAPP;
		};
/* End PBXContainerItemProxy section */

/* Begin PBXFileReference section */
		914AC4B827897F06000054A3 /* OtherAPP.app */ = {isa = PBXFileReference; explicitFileType = wrapper.application; includeInIndex = 0; path = OtherAPP.app; sourceTree = BUILT_PRODUCTS_DIR; };
		914AC4BB27897F06000054A3 /* OtherAPPApp.swift */ = {isa = PBXFileReference; lastKnownFileType = sourcecode.swift; path = OtherAPPApp.swift; sourceTree = "<group>"; };
		914AC4BD27897F06000054A3 /* ContentView.swift */ = {isa = PBXFileReference; lastKnownFileType = sourcecode.swift; path = ContentView.swift; sourceTree = "<group>"; };
		914AC4BF27897F07000054A3 /* Assets.xcassets */ = {isa = PBXFileReference; lastKnownFileType = folder.assetcatalog; path = Assets.xcassets; sourceTree = "<group>"; };
		914AC4C227897F07000054A3 /* Preview Assets.xcassets */ = {isa = PBXFileReference; lastKnownFileType = folder.assetcatalog; path = "Preview Assets.xcassets"; sourceTree = "<group>"; };
		914AC4C827897F07000054A3 /* OtherAPPTests.xctest */ = {isa = PBXFileReference; explicitFileType = wrapper.cfbundle; includeInIndex = 0; path = OtherAPPTests.xctest; sourceTree = BUILT_PRODUCTS_DIR; };
		914AC4CC27897F07000054A3 /* OtherAPPTests.swift */ = {isa = PBXFileReference; lastKnownFileType = sourcecode.swift; path = OtherAPPTests.swift; sourceTree = "<group>"; };
		914AC4D227897F07000054A3 /* OtherAPPUITests.xctest */ = {isa = PBXFileReference; explicitFileType = wrapper.cfbundle; includeInIndex = 0; path = OtherAPPUITests.xctest; sourceTree = BUILT_PRODUCTS_DIR; };
		914AC4D627897F07000054A3 /* OtherAPPUITests.swift */ = {isa = PBXFileReference; lastKnownFileType = sourcecode.swift; path = OtherAPPUITests.swift; sourceTree = "<group>"; };
		914AC4D827897F07000054A3 /* OtherAPPUITestsLaunchTests.swift */ = {isa = PBXFileReference; lastKnownFileType = sourcecode.swift; path = OtherAPPUITestsLaunchTests.swift; sourceTree = "<group>"; };
/* End PBXFileReference section */

/* Begin PBXFrameworksBuildPhase section */
		914AC4B527897F06000054A3 /* Frameworks */ = {
			isa = PBXFrameworksBuildPhase;
			buildActionMask = 2147483647;
			files = (
			);
			runOnlyForDeploymentPostprocessing = 0;
		};
		914AC4C527897F07000054A3 /* Frameworks */ = {
			isa = PBXFrameworksBuildPhase;
			buildActionMask = 2147483647;
			files = (
			);
			runOnlyForDeploymentPostprocessing = 0;
		};
		914AC4CF27897F07000054A3 /* Frameworks */ = {
			isa = PBXFrameworksBuildPhase;
			buildActionMask = 2147483647;
			files = (
			);
			runOnlyForDeploymentPostprocessing = 0;
		};
/* End PBXFrameworksBuildPhase section */

/* Begin PBXGroup section */
		914AC4AF27897F06000054A3 = {
			isa = PBXGroup;
			children = (
				914AC4BA27897F06000054A3 /* OtherAPP */,
				914AC4CB27897F07000054A3 /* OtherAPPTests */,
				914AC4D527897F07000054A3 /* OtherAPPUITests */,
				914AC4B927897F06000054A3 /* Products */,
			);
			sourceTree = "<group>";
		};
		914AC4B927897F06000054A3 /* Products */ = {
			isa = PBXGroup;
			children = (
				914AC4B827897F06000054A3 /* OtherAPP.app */,
				914AC4C827897F07000054A3 /* OtherAPPTests.xctest */,
				914AC4D227897F07000054A3 /* OtherAPPUITests.xctest */,
			);
			name = Products;
			sourceTree = "<group>";
		};
		914AC4BA27897F06000054A3 /* OtherAPP */ = {
			isa = PBXGroup;
			children = (
				914AC4BB27897F06000054A3 /* OtherAPPApp.swift */,
				914AC4BD27897F06000054A3 /* ContentView.swift */,
				914AC4BF27897F07000054A3 /* Assets.xcassets */,
				914AC4C127897F07000054A3 /* Preview Content */,
			);
			path = OtherAPP;
			sourceTree = "<group>";
		};
		914AC4C127897F07000054A3 /* Preview Content */ = {
			isa = PBXGroup;
			children = (
				914AC4C227897F07000054A3 /* Preview Assets.xcassets */,
			);
			path = "Preview Content";
			sourceTree = "<group>";
		};
		914AC4CB27897F07000054A3 /* OtherAPPTests */ = {
			isa = PBXGroup;
			children = (
				914AC4CC27897F07000054A3 /* OtherAPPTests.swift */,
			);
			path = OtherAPPTests;
			sourceTree = "<group>";
		};
		914AC4D527897F07000054A3 /* OtherAPPUITests */ = {
			isa = PBXGroup;
			children = (
				914AC4D627897F07000054A3 /* OtherAPPUITests.swift */,
				914AC4D827897F07000054A3 /* OtherAPPUITestsLaunchTests.swift */,
			);
			path = OtherAPPUITests;
			sourceTree = "<group>";
		};
/* End PBXGroup section */

/* Begin PBXNativeTarget section */
		914AC4B727897F06000054A3 /* OtherAPP */ = {
			isa = PBXNativeTarget;
			buildConfigurationList = 914AC4DC27897F07000054A3 /* Build configuration list for PBXNativeTarget "OtherAPP" */;
			buildPhases = (
				914AC4B427897F06000054A3 /* Sources */,
				914AC4B527897F06000054A3 /* Frameworks */,
				914AC4B627897F06000054A3 /* Resources */,
			);
			buildRules = (
			);
			dependencies = (
			);
			name = OtherAPP;
			productName = OtherAPP;
			productReference = 914AC4B827897F06000054A3 /* OtherAPP.app */;
			productType = "com.apple.product-type.application";
		};
		914AC4C727897F07000054A3 /* OtherAPPTests */ = {
			isa = PBXNativeTarget;
			buildConfigurationList = 914AC4DF27897F07000054A3 /* Build configuration list for PBXNativeTarget "OtherAPPTests" */;
			buildPhases = (
				914AC4C427897F07000054A3 /* Sources */,
				914AC4C527897F07000054A3 /* Frameworks */,
				914AC4C627897F07000054A3 /* Resources */,
			);
			buildRules = (
			);
			dependencies = (
				914AC4CA27897F07000054A3 /* PBXTargetDependency */,
			);
			name = OtherAPPTests;
			productName = OtherAPPTests;
			productReference = 914AC4C827897F07000054A3 /* OtherAPPTests.xctest */;
			productType = "com.apple.product-type.bundle.unit-test";
		};
		914AC4D127897F07000054A3 /* OtherAPPUITests */ = {
			isa = PBXNativeTarget;
			buildConfigurationList = 914AC4E227897F07000054A3 /* Build configuration list for PBXNativeTarget "OtherAPPUITests" */;
			buildPhases = (
				914AC4CE27897F07000054A3 /* Sources */,
				914AC4CF27897F07000054A3 /* Frameworks */,
				914AC4D027897F07000054A3 /* Resources */,
			);
			buildRules = (
			);
			dependencies = (
				914AC4D427897F07000054A3 /* PBXTargetDependency */,
			);
			name = OtherAPPUITests;
			productName = OtherAPPUITests;
			productReference = 914AC4D227897F07000054A3 /* OtherAPPUITests.xctest */;
			productType = "com.apple.product-type.bundle.ui-testing";
		};
/* End PBXNativeTarget section */

/* Begin PBXProject section */
		914AC4B027897F06000054A3 /* Project object */ = {
			isa = PBXProject;
			attributes = {
				BuildIndependentTargetsInParallel = 1;
				LastSwiftUpdateCheck = 1320;
				LastUpgradeCheck = 1320;
				TargetAttributes = {
					914AC4B727897F06000054A3 = {
						CreatedOnToolsVersion = 13.2.1;
					};
					914AC4C727897F07000054A3 = {
						CreatedOnToolsVersion = 13.2.1;
						TestTargetID = 914AC4B727897F06000054A3;
					};
					914AC4D127897F07000054A3 = {
						CreatedOnToolsVersion = 13.2.1;
						TestTargetID = 914AC4B727897F06000054A3;
					};
				};
			};
			buildConfigurationList = 914AC4B327897F06000054A3 /* Build configuration list for PBXProject "OtherAPP" */;
			compatibilityVersion = "Xcode 13.0";
			developmentRegion = en;
			hasScannedForEncodings = 0;
			knownRegions = (
				en,
				Base,
			);
			mainGroup = 914AC4AF27897F06000054A3;
			productRefGroup = 914AC4B927897F06000054A3 /* Products */;
			projectDirPath = "";
			projectRoot = "";
			targets = (
				914AC4B727897F06000054A3 /* OtherAPP */,
				914AC4C727897F07000054A3 /* OtherAPPTests */,
				914AC4D127897F07000054A3 /* OtherAPPUITests */,
			);
		};
/* End PBXProject section */

/* Begin PBXResourcesBuildPhase section */
		914AC4B627897F06000054A3 /* Resources */ = {
			isa = PBXResourcesBuildPhase;
			buildActionMask = 2147483647;
			files = (
				914AC4C327897F07000054A3 /* Preview Assets.xcassets in Resources */,
				914AC4C027897F07000054A3 /* Assets.xcassets in Resources */,
			);
			runOnlyForDeploymentPostprocessing = 0;
		};
		914AC4C627897F07000054A3 /* Resources */ = {
			isa = PBXResourcesBuildPhase;
			buildActionMask = 2147483647;
			files = (
			);
			runOnlyForDeploymentPostprocessing = 0;
		};
		914AC4D027897F07000054A3 /* Resources */ = {
			isa = PBXResourcesBuildPhase;
			buildActionMask = 2147483647;
			files = (
			);
			runOnlyForDeploymentPostprocessing = 0;
		};
/* End PBXResourcesBuildPhase section */

/* Begin PBXSourcesBuildPhase section */
		914AC4B427897F06000054A3 /* Sources */ = {
			isa = PBXSourcesBuildPhase;
			buildActionMask = 2147483647;
			files = (
				914AC4BE27897F06000054A3 /* ContentView.swift in Sources */,
				914AC4BC27897F06000054A3 /* OtherAPPApp.swift in Sources */,
			);
			runOnlyForDeploymentPostprocessing = 0;
		};
		914AC4C427897F07000054A3 /* Sources */ = {
			isa = PBXSourcesBuildPhase;
			buildActionMask = 2147483647;
			files = (
				914AC4CD27897F07000054A3 /* OtherAPPTests.swift in Sources */,
			);
			runOnlyForDeploymentPostprocessing = 0;
		};
		914AC4CE27897F07000054A3 /* Sources */ = {
			isa = PBXSourcesBuildPhase;
			buildActionMask = 2147483647;
			files = (
				914AC4D927897F07000054A3 /* OtherAPPUITestsLaunchTests.swift in Sources */,
				914AC4D727897F07000054A3 /* OtherAPPUITests.swift in Sources */,
			);
			runOnlyForDeploymentPostprocessing = 0;
		};
/* End PBXSourcesBuildPhase section */

/* Begin PBXTargetDependency section */
		914AC4CA27897F07000054A3 /* PBXTargetDependency */ = {
			isa = PBXTargetDependency;
			target = 914AC4B727897F06000054A3 /* OtherAPP */;
			targetProxy = 914AC4C927897F07000054A3 /* PBXContainerItemProxy */;
		};
		914AC4D427897F07000054A3 /* PBXTargetDependency */ = {
			isa = PBXTargetDependency;
			target = 914AC4B727897F06000054A3 /* OtherAPP */;
			targetProxy = 914AC4D327897F07000054A3 /* PBXContainerItemProxy */;
		};
/* End PBXTargetDependency section */

/* Begin XCBuildConfiguration section */
		914AC4DA27897F07000054A3 /* Debug */ = {
			isa = XCBuildConfiguration;
			buildSettings = {
				ALWAYS_SEARCH_USER_PATHS = NO;
				CLANG_ANALYZER_NONNULL = YES;
				CLANG_ANALYZER_NUMBER_OBJECT_CONVERSION = YES_AGGRESSIVE;
				CLANG_CXX_LANGUAGE_STANDARD = "gnu++17";
				CLANG_CXX_LIBRARY = "libc++";
				CLANG_ENABLE_MODULES = YES;
				CLANG_ENABLE_OBJC_ARC = YES;
				CLANG_ENABLE_OBJC_WEAK = YES;
				CLANG_WARN_BLOCK_CAPTURE_AUTORELEASING = YES;
				CLANG_WARN_BOOL_CONVERSION = YES;
				CLANG_WARN_COMMA = YES;
				CLANG_WARN_CONSTANT_CONVERSION = YES;
				CLANG_WARN_DEPRECATED_OBJC_IMPLEMENTATIONS = YES;
				CLANG_WARN_DIRECT_OBJC_ISA_USAGE = YES_ERROR;
				CLANG_WARN_DOCUMENTATION_COMMENTS = YES;
				CLANG_WARN_EMPTY_BODY = YES;
				CLANG_WARN_ENUM_CONVERSION = YES;
				CLANG_WARN_INFINITE_RECURSION = YES;
				CLANG_WARN_INT_CONVERSION = YES;
				CLANG_WARN_NON_LITERAL_NULL_CONVERSION = YES;
				CLANG_WARN_OBJC_IMPLICIT_RETAIN_SELF = YES;
				CLANG_WARN_OBJC_LITERAL_CONVERSION = YES;
				CLANG_WARN_OBJC_ROOT_CLASS = YES_ERROR;
				CLANG_WARN_QUOTED_INCLUDE_IN_FRAMEWORK_HEADER = YES;
				CLANG_WARN_RANGE_LOOP_ANALYSIS = YES;
				CLANG_WARN_STRICT_PROTOTYPES = YES;
				CLANG_WARN_SUSPICIOUS_MOVE = YES;
				CLANG_WARN_UNGUARDED_AVAILABILITY = YES_AGGRESSIVE;
				CLANG_WARN_UNREACHABLE_CODE = YES;
				CLANG_WARN__DUPLICATE_METHOD_MATCH = YES;
				COPY_PHASE_STRIP = NO;
				DEBUG_INFORMATION_FORMAT = dwarf;
				ENABLE_STRICT_OBJC_MSGSEND = YES;
				ENABLE_TESTABILITY = YES;
				GCC_C_LANGUAGE_STANDARD = gnu11;
				GCC_DYNAMIC_NO_PIC = NO;
				GCC_NO_COMMON_BLOCKS = YES;
				GCC_OPTIMIZATION_LEVEL = 0;
				GCC_PREPROCESSOR_DEFINITIONS = (
					"DEBUG=1",
					"$(inherited)",
				);
				GCC_WARN_64_TO_32_BIT_CONVERSION = YES;
				GCC_WARN_ABOUT_RETURN_TYPE = YES_ERROR;
				GCC_WARN_UNDECLARED_SELECTOR = YES;
				GCC_WARN_UNINITIALIZED_AUTOS = YES_AGGRESSIVE;
				GCC_WARN_UNUSED_FUNCTION = YES;
				GCC_WARN_UNUSED_VARIABLE = YES;
				IPHONEOS_DEPLOYMENT_TARGET = 15.2;
				MTL_ENABLE_DEBUG_INFO = INCLUDE_SOURCE;
				MTL_FAST_MATH = YES;
				ONLY_ACTIVE_ARCH = YES;
				SDKROOT = iphoneos;
				SWIFT_ACTIVE_COMPILATION_CONDITIONS = DEBUG;
				SWIFT_OPTIMIZATION_LEVEL = "-Onone";
			};
			name = Debug;
		};
		914AC4DB27897F07000054A3 /* Release */ = {
			isa = XCBuildConfiguration;
			buildSettings = {
				ALWAYS_SEARCH_USER_PATHS = NO;
				CLANG_ANALYZER_NONNULL = YES;
				CLANG_ANALYZER_NUMBER_OBJECT_CONVERSION = YES_AGGRESSIVE;
				CLANG_CXX_LANGUAGE_STANDARD = "gnu++17";
				CLANG_CXX_LIBRARY = "libc++";
				CLANG_ENABLE_MODULES = YES;
				CLANG_ENABLE_OBJC_ARC = YES;
				CLANG_ENABLE_OBJC_WEAK = YES;
				CLANG_WARN_BLOCK_CAPTURE_AUTORELEASING = YES;
				CLANG_WARN_BOOL_CONVERSION = YES;
				CLANG_WARN_COMMA = YES;
				CLANG_WARN_CONSTANT_CONVERSION = YES;
				CLANG_WARN_DEPRECATED_OBJC_IMPLEMENTATIONS = YES;
				CLANG_WARN_DIRECT_OBJC_ISA_USAGE = YES_ERROR;
				CLANG_WARN_DOCUMENTATION_COMMENTS = YES;
				CLANG_WARN_EMPTY_BODY = YES;
				CLANG_WARN_ENUM_CONVERSION = YES;
				CLANG_WARN_INFINITE_RECURSION = YES;
				CLANG_WARN_INT_CONVERSION = YES;
				CLANG_WARN_NON_LITERAL_NULL_CONVERSION = YES;
				CLANG_WARN_OBJC_IMPLICIT_RETAIN_SELF = YES;
				CLANG_WARN_OBJC_LITERAL_CONVERSION = YES;
				CLANG_WARN_OBJC_ROOT_CLASS = YES_ERROR;
				CLANG_WARN_QUOTED_INCLUDE_IN_FRAMEWORK_HEADER = YES;
				CLANG_WARN_RANGE_LOOP_ANALYSIS = YES;
				CLANG_WARN_STRICT_PROTOTYPES = YES;
				CLANG_WARN_SUSPICIOUS_MOVE = YES;
				CLANG_WARN_UNGUARDED_AVAILABILITY = YES_AGGRESSIVE;
				CLANG_WARN_UNREACHABLE_CODE = YES;
				CLANG_WARN__DUPLICATE_METHOD_MATCH = YES;
				COPY_PHASE_STRIP = NO;
				DEBUG_INFORMATION_FORMAT = "dwarf-with-dsym";
				ENABLE_NS_ASSERTIONS = NO;
				ENABLE_STRICT_OBJC_MSGSEND = YES;
				GCC_C_LANGUAGE_STANDARD = gnu11;
				GCC_NO_COMMON_BLOCKS = YES;
				GCC_WARN_64_TO_32_BIT_CONVERSION = YES;
				GCC_WARN_ABOUT_RETURN_TYPE = YES_ERROR;
				GCC_WARN_UNDECLARED_SELECTOR = YES;
				GCC_WARN_UNINITIALIZED_AUTOS = YES_AGGRESSIVE;
				GCC_WARN_UNUSED_FUNCTION = YES;
				GCC_WARN_UNUSED_VARIABLE = YES;
				IPHONEOS_DEPLOYMENT_TARGET = 15.2;
				MTL_ENABLE_DEBUG_INFO = NO;
				MTL_FAST_MATH = YES;
				SDKROOT = iphoneos;
				SWIFT_COMPILATION_MODE = wholemodule;
				SWIFT_OPTIMIZATION_LEVEL = "-O";
				VALIDATE_PRODUCT = YES;
			};
			name = Release;
		};
		914AC4DD27897F07000054A3 /* Debug */ = {
			isa = XCBuildConfiguration;
			buildSettings = {
				ASSETCATALOG_COMPILER_APPICON_NAME = AppIcon;
				ASSETCATALOG_COMPILER_GLOBAL_ACCENT_COLOR_NAME = AccentColor;
				CODE_SIGN_STYLE = Automatic;
				CURRENT_PROJECT_VERSION = 1;
				DEVELOPMENT_ASSET_PATHS = "\"OtherAPP/Preview Content\"";
				DEVELOPMENT_TEAM = WF4J3YQN3K;
				ENABLE_PREVIEWS = YES;
				GENERATE_INFOPLIST_FILE = YES;
				INFOPLIST_KEY_UIApplicationSceneManifest_Generation = YES;
				INFOPLIST_KEY_UIApplicationSupportsIndirectInputEvents = YES;
				INFOPLIST_KEY_UILaunchScreen_Generation = YES;
				INFOPLIST_KEY_UISupportedInterfaceOrientations = UIInterfaceOrientationPortrait;
				INFOPLIST_KEY_UISupportedInterfaceOrientations_iPad = "UIInterfaceOrientationPortrait UIInterfaceOrientationPortraitUpsideDown UIInterfaceOrientationLandscapeLeft UIInterfaceOrientationLandscapeRight";
				INFOPLIST_KEY_UISupportedInterfaceOrientations_iPhone = "UIInterfaceOrientationPortrait UIInterfaceOrientationLandscapeLeft UIInterfaceOrientationLandscapeRight";
				LD_RUNPATH_SEARCH_PATHS = (
					"$(inherited)",
					"@executable_path/Frameworks",
				);
				MARKETING_VERSION = 1.0;
				PRODUCT_BUNDLE_IDENTIFIER = com.Jonathan.OtherAPP;
				PRODUCT_NAME = "$(TARGET_NAME)";
				SWIFT_EMIT_LOC_STRINGS = YES;
				SWIFT_VERSION = 5.0;
				TARGETED_DEVICE_FAMILY = "1,2";
			};
			name = Debug;
		};
		914AC4DE27897F07000054A3 /* Release */ = {
			isa = XCBuildConfiguration;
			buildSettings = {
				ASSETCATALOG_COMPILER_APPICON_NAME = AppIcon;
				ASSETCATALOG_COMPILER_GLOBAL_ACCENT_COLOR_NAME = AccentColor;
				CODE_SIGN_STYLE = Automatic;
				CURRENT_PROJECT_VERSION = 1;
				DEVELOPMENT_ASSET_PATHS = "\"OtherAPP/Preview Content\"";
				DEVELOPMENT_TEAM = WF4J3YQN3K;
				ENABLE_PREVIEWS = YES;
				GENERATE_INFOPLIST_FILE = YES;
				INFOPLIST_KEY_UIApplicationSceneManifest_Generation = YES;
				INFOPLIST_KEY_UIApplicationSupportsIndirectInputEvents = YES;
				INFOPLIST_KEY_UILaunchScreen_Generation = YES;
				INFOPLIST_KEY_UISupportedInterfaceOrientations = UIInterfaceOrientationPortrait;
				INFOPLIST_KEY_UISupportedInterfaceOrientations_iPad = "UIInterfaceOrientationPortrait UIInterfaceOrientationPortraitUpsideDown UIInterfaceOrientationLandscapeLeft UIInterfaceOrientationLandscapeRight";
				INFOPLIST_KEY_UISupportedInterfaceOrientations_iPhone = "UIInterfaceOrientationPortrait UIInterfaceOrientationLandscapeLeft UIInterfaceOrientationLandscapeRight";
				LD_RUNPATH_SEARCH_PATHS = (
					"$(inherited)",
					"@executable_path/Frameworks",
				);
				MARKETING_VERSION = 1.0;
				PRODUCT_BUNDLE_IDENTIFIER = com.Jonathan.OtherAPP;
				PRODUCT_NAME = "$(TARGET_NAME)";
				SWIFT_EMIT_LOC_STRINGS = YES;
				SWIFT_VERSION = 5.0;
				TARGETED_DEVICE_FAMILY = "1,2";
			};
			name = Release;
		};
		914AC4E027897F07000054A3 /* Debug */ = {
			isa = XCBuildConfiguration;
			buildSettings = {
				ALWAYS_EMBED_SWIFT_STANDARD_LIBRARIES = YES;
				BUNDLE_LOADER = "$(TEST_HOST)";
				CODE_SIGN_STYLE = Automatic;
				CURRENT_PROJECT_VERSION = 1;
				DEVELOPMENT_TEAM = WF4J3YQN3K;
				GENERATE_INFOPLIST_FILE = YES;
				IPHONEOS_DEPLOYMENT_TARGET = 15.2;
				MARKETING_VERSION = 1.0;
				PRODUCT_BUNDLE_IDENTIFIER = com.Jonathan.OtherAPPTests;
				PRODUCT_NAME = "$(TARGET_NAME)";
				SWIFT_EMIT_LOC_STRINGS = NO;
				SWIFT_VERSION = 5.0;
				TARGETED_DEVICE_FAMILY = "1,2";
				TEST_HOST = "$(BUILT_PRODUCTS_DIR)/OtherAPP.app/OtherAPP";
			};
			name = Debug;
		};
		914AC4E127897F07000054A3 /* Release */ = {
			isa = XCBuildConfiguration;
			buildSettings = {
				ALWAYS_EMBED_SWIFT_STANDARD_LIBRARIES = YES;
				BUNDLE_LOADER = "$(TEST_HOST)";
				CODE_SIGN_STYLE = Automatic;
				CURRENT_PROJECT_VERSION = 1;
				DEVELOPMENT_TEAM = WF4J3YQN3K;
				GENERATE_INFOPLIST_FILE = YES;
				IPHONEOS_DEPLOYMENT_TARGET = 15.2;
				MARKETING_VERSION = 1.0;
				PRODUCT_BUNDLE_IDENTIFIER = com.Jonathan.OtherAPPTests;
				PRODUCT_NAME = "$(TARGET_NAME)";
				SWIFT_EMIT_LOC_STRINGS = NO;
				SWIFT_VERSION = 5.0;
				TARGETED_DEVICE_FAMILY = "1,2";
				TEST_HOST = "$(BUILT_PRODUCTS_DIR)/OtherAPP.app/OtherAPP";
			};
			name = Release;
		};
		914AC4E327897F07000054A3 /* Debug */ = {
			isa = XCBuildConfiguration;
			buildSettings = {
				ALWAYS_EMBED_SWIFT_STANDARD_LIBRARIES = YES;
				CODE_SIGN_STYLE = Automatic;
				CURRENT_PROJECT_VERSION = 1;
				DEVELOPMENT_TEAM = WF4J3YQN3K;
				GENERATE_INFOPLIST_FILE = YES;
				MARKETING_VERSION = 1.0;
				PRODUCT_BUNDLE_IDENTIFIER = com.Jonathan.OtherAPPUITests;
				PRODUCT_NAME = "$(TARGET_NAME)";
				SWIFT_EMIT_LOC_STRINGS = NO;
				SWIFT_VERSION = 5.0;
				TARGETED_DEVICE_FAMILY = "1,2";
				TEST_TARGET_NAME = OtherAPP;
			};
			name = Debug;
		};
		914AC4E427897F07000054A3 /* Release */ = {
			isa = XCBuildConfiguration;
			buildSettings = {
				ALWAYS_EMBED_SWIFT_STANDARD_LIBRARIES = YES;
				CODE_SIGN_STYLE = Automatic;
				CURRENT_PROJECT_VERSION = 1;
				DEVELOPMENT_TEAM = WF4J3YQN3K;
				GENERATE_INFOPLIST_FILE = YES;
				MARKETING_VERSION = 1.0;
				PRODUCT_BUNDLE_IDENTIFIER = com.Jonathan.OtherAPPUITests;
				PRODUCT_NAME = "$(TARGET_NAME)";
				SWIFT_EMIT_LOC_STRINGS = NO;
				SWIFT_VERSION = 5.0;
				TARGETED_DEVICE_FAMILY = "1,2";
				TEST_TARGET_NAME = OtherAPP;
			};
			name = Release;
		};
/* End XCBuildConfiguration section */

/* Begin XCConfigurationList section */
		914AC4B327897F06000054A3 /* Build configuration list for PBXProject "OtherAPP" */ = {
			isa = XCConfigurationList;
			buildConfigurations = (
				914AC4DA27897F07000054A3 /* Debug */,
				914AC4DB27897F07000054A3 /* Release */,
			);
			defaultConfigurationIsVisible = 0;
			defaultConfigurationName = Release;
		};
		914AC4DC27897F07000054A3 /* Build configuration list for PBXNativeTarget "OtherAPP" */ = {
			isa = XCConfigurationList;
			buildConfigurations = (
				914AC4DD27897F07000054A3 /* Debug */,
				914AC4DE27897F07000054A3 /* Release */,
			);
			defaultConfigurationIsVisible = 0;
			defaultConfigurationName = Release;
		};
		914AC4DF27897F07000054A3 /* Build configuration list for PBXNativeTarget "OtherAPPTests" */ = {
			isa = XCConfigurationList;
			buildConfigurations = (
				914AC4E027897F07000054A3 /* Debug */,
				914AC4E127897F07000054A3 /* Release */,
			);
			defaultConfigurationIsVisible = 0;
			defaultConfigurationName = Release;
		};
		914AC4E227897F07000054A3 /* Build configuration list for PBXNativeTarget "OtherAPPUITests" */ = {
			isa = XCConfigurationList;
			buildConfigurations = (
				914AC4E327897F07000054A3 /* Debug */,
				914AC4E427897F07000054A3 /* Release */,
			);
			defaultConfigurationIsVisible = 0;
			defaultConfigurationName = Release;
		};
/* End XCConfigurationList section */
	};
	rootObject = 914AC4B027897F06000054A3 /* Project object */;
}
