// !$*UTF8*$!
{
	archiveVersion = 1;
	classes = {
	};
	objectVersion = 55;
	objects = {

/* Begin PBXBuildFile section */
		918BD0462792AC97004421CA /* Tests_iOS.swift in Sources */ = {isa = PBXBuildFile; fileRef = 918BD0452792AC97004421CA /* Tests_iOS.swift */; };
		918BD0482792AC97004421CA /* Tests_iOSLaunchTests.swift in Sources */ = {isa = PBXBuildFile; fileRef = 918BD0472792AC97004421CA /* Tests_iOSLaunchTests.swift */; };
		918BD0522792AC97004421CA /* Tests_macOS.swift in Sources */ = {isa = PBXBuildFile; fileRef = 918BD0512792AC97004421CA /* Tests_macOS.swift */; };
		918BD0542792AC97004421CA /* Tests_macOSLaunchTests.swift in Sources */ = {isa = PBXBuildFile; fileRef = 918BD0532792AC97004421CA /* Tests_macOSLaunchTests.swift */; };
		918BD0552792AC97004421CA /* FinalAppApp.swift in Sources */ = {isa = PBXBuildFile; fileRef = 918BD02D2792AC97004421CA /* FinalAppApp.swift */; };
		918BD0562792AC97004421CA /* FinalAppApp.swift in Sources */ = {isa = PBXBuildFile; fileRef = 918BD02D2792AC97004421CA /* FinalAppApp.swift */; };
		918BD0572792AC97004421CA /* ContentView.swift in Sources */ = {isa = PBXBuildFile; fileRef = 918BD02E2792AC97004421CA /* ContentView.swift */; };
		918BD0582792AC97004421CA /* ContentView.swift in Sources */ = {isa = PBXBuildFile; fileRef = 918BD02E2792AC97004421CA /* ContentView.swift */; };
		918BD0592792AC97004421CA /* Assets.xcassets in Resources */ = {isa = PBXBuildFile; fileRef = 918BD02F2792AC97004421CA /* Assets.xcassets */; };
		918BD05A2792AC97004421CA /* Assets.xcassets in Resources */ = {isa = PBXBuildFile; fileRef = 918BD02F2792AC97004421CA /* Assets.xcassets */; };
/* End PBXBuildFile section */

/* Begin PBXContainerItemProxy section */
		918BD0422792AC97004421CA /* PBXContainerItemProxy */ = {
			isa = PBXContainerItemProxy;
			containerPortal = 918BD0282792AC97004421CA /* Project object */;
			proxyType = 1;
			remoteGlobalIDString = 918BD0332792AC97004421CA;
			remoteInfo = "FinalApp (iOS)";
		};
		918BD04E2792AC97004421CA /* PBXContainerItemProxy */ = {
			isa = PBXContainerItemProxy;
			containerPortal = 918BD0282792AC97004421CA /* Project object */;
			proxyType = 1;
			remoteGlobalIDString = 918BD0392792AC97004421CA;
			remoteInfo = "FinalApp (macOS)";
		};
/* End PBXContainerItemProxy section */

/* Begin PBXFileReference section */
		918BD02D2792AC97004421CA /* FinalAppApp.swift */ = {isa = PBXFileReference; lastKnownFileType = sourcecode.swift; path = FinalAppApp.swift; sourceTree = "<group>"; };
		918BD02E2792AC97004421CA /* ContentView.swift */ = {isa = PBXFileReference; lastKnownFileType = sourcecode.swift; path = ContentView.swift; sourceTree = "<group>"; };
		918BD02F2792AC97004421CA /* Assets.xcassets */ = {isa = PBXFileReference; lastKnownFileType = folder.assetcatalog; path = Assets.xcassets; sourceTree = "<group>"; };
		918BD0342792AC97004421CA /* FinalApp.app */ = {isa = PBXFileReference; explicitFileType = wrapper.application; includeInIndex = 0; path = FinalApp.app; sourceTree = BUILT_PRODUCTS_DIR; };
		918BD03A2792AC97004421CA /* FinalApp.app */ = {isa = PBXFileReference; explicitFileType = wrapper.application; includeInIndex = 0; path = FinalApp.app; sourceTree = BUILT_PRODUCTS_DIR; };
		918BD03C2792AC97004421CA /* macOS.entitlements */ = {isa = PBXFileReference; lastKnownFileType = text.plist.entitlements; path = macOS.entitlements; sourceTree = "<group>"; };
		918BD0412792AC97004421CA /* Tests iOS.xctest */ = {isa = PBXFileReference; explicitFileType = wrapper.cfbundle; includeInIndex = 0; path = "Tests iOS.xctest"; sourceTree = BUILT_PRODUCTS_DIR; };
		918BD0452792AC97004421CA /* Tests_iOS.swift */ = {isa = PBXFileReference; lastKnownFileType = sourcecode.swift; path = Tests_iOS.swift; sourceTree = "<group>"; };
		918BD0472792AC97004421CA /* Tests_iOSLaunchTests.swift */ = {isa = PBXFileReference; lastKnownFileType = sourcecode.swift; path = Tests_iOSLaunchTests.swift; sourceTree = "<group>"; };
		918BD04D2792AC97004421CA /* Tests macOS.xctest */ = {isa = PBXFileReference; explicitFileType = wrapper.cfbundle; includeInIndex = 0; path = "Tests macOS.xctest"; sourceTree = BUILT_PRODUCTS_DIR; };
		918BD0512792AC97004421CA /* Tests_macOS.swift */ = {isa = PBXFileReference; lastKnownFileType = sourcecode.swift; path = Tests_macOS.swift; sourceTree = "<group>"; };
		918BD0532792AC97004421CA /* Tests_macOSLaunchTests.swift */ = {isa = PBXFileReference; lastKnownFileType = sourcecode.swift; path = Tests_macOSLaunchTests.swift; sourceTree = "<group>"; };
/* End PBXFileReference section */

/* Begin PBXFrameworksBuildPhase section */
		918BD0312792AC97004421CA /* Frameworks */ = {
			isa = PBXFrameworksBuildPhase;
			buildActionMask = 2147483647;
			files = (
			);
			runOnlyForDeploymentPostprocessing = 0;
		};
		918BD0372792AC97004421CA /* Frameworks */ = {
			isa = PBXFrameworksBuildPhase;
			buildActionMask = 2147483647;
			files = (
			);
			runOnlyForDeploymentPostprocessing = 0;
		};
		918BD03E2792AC97004421CA /* Frameworks */ = {
			isa = PBXFrameworksBuildPhase;
			buildActionMask = 2147483647;
			files = (
			);
			runOnlyForDeploymentPostprocessing = 0;
		};
		918BD04A2792AC97004421CA /* Frameworks */ = {
			isa = PBXFrameworksBuildPhase;
			buildActionMask = 2147483647;
			files = (
			);
			runOnlyForDeploymentPostprocessing = 0;
		};
/* End PBXFrameworksBuildPhase section */

/* Begin PBXGroup section */
		918BD0272792AC97004421CA = {
			isa = PBXGroup;
			children = (
				918BD02C2792AC97004421CA /* Shared */,
				918BD03B2792AC97004421CA /* macOS */,
				918BD0442792AC97004421CA /* Tests iOS */,
				918BD0502792AC97004421CA /* Tests macOS */,
				918BD0352792AC97004421CA /* Products */,
			);
			sourceTree = "<group>";
		};
		918BD02C2792AC97004421CA /* Shared */ = {
			isa = PBXGroup;
			children = (
				918BD02D2792AC97004421CA /* FinalAppApp.swift */,
				918BD02E2792AC97004421CA /* ContentView.swift */,
				918BD02F2792AC97004421CA /* Assets.xcassets */,
			);
			path = Shared;
			sourceTree = "<group>";
		};
		918BD0352792AC97004421CA /* Products */ = {
			isa = PBXGroup;
			children = (
				918BD0342792AC97004421CA /* FinalApp.app */,
				918BD03A2792AC97004421CA /* FinalApp.app */,
				918BD0412792AC97004421CA /* Tests iOS.xctest */,
				918BD04D2792AC97004421CA /* Tests macOS.xctest */,
			);
			name = Products;
			sourceTree = "<group>";
		};
		918BD03B2792AC97004421CA /* macOS */ = {
			isa = PBXGroup;
			children = (
				918BD03C2792AC97004421CA /* macOS.entitlements */,
			);
			path = macOS;
			sourceTree = "<group>";
		};
		918BD0442792AC97004421CA /* Tests iOS */ = {
			isa = PBXGroup;
			children = (
				918BD0452792AC97004421CA /* Tests_iOS.swift */,
				918BD0472792AC97004421CA /* Tests_iOSLaunchTests.swift */,
			);
			path = "Tests iOS";
			sourceTree = "<group>";
		};
		918BD0502792AC97004421CA /* Tests macOS */ = {
			isa = PBXGroup;
			children = (
				918BD0512792AC97004421CA /* Tests_macOS.swift */,
				918BD0532792AC97004421CA /* Tests_macOSLaunchTests.swift */,
			);
			path = "Tests macOS";
			sourceTree = "<group>";
		};
/* End PBXGroup section */

/* Begin PBXNativeTarget section */
		918BD0332792AC97004421CA /* FinalApp (iOS) */ = {
			isa = PBXNativeTarget;
			buildConfigurationList = 918BD05D2792AC97004421CA /* Build configuration list for PBXNativeTarget "FinalApp (iOS)" */;
			buildPhases = (
				918BD0302792AC97004421CA /* Sources */,
				918BD0312792AC97004421CA /* Frameworks */,
				918BD0322792AC97004421CA /* Resources */,
			);
			buildRules = (
			);
			dependencies = (
			);
			name = "FinalApp (iOS)";
			productName = "FinalApp (iOS)";
			productReference = 918BD0342792AC97004421CA /* FinalApp.app */;
			productType = "com.apple.product-type.application";
		};
		918BD0392792AC97004421CA /* FinalApp (macOS) */ = {
			isa = PBXNativeTarget;
			buildConfigurationList = 918BD0602792AC97004421CA /* Build configuration list for PBXNativeTarget "FinalApp (macOS)" */;
			buildPhases = (
				918BD0362792AC97004421CA /* Sources */,
				918BD0372792AC97004421CA /* Frameworks */,
				918BD0382792AC97004421CA /* Resources */,
			);
			buildRules = (
			);
			dependencies = (
			);
			name = "FinalApp (macOS)";
			productName = "FinalApp (macOS)";
			productReference = 918BD03A2792AC97004421CA /* FinalApp.app */;
			productType = "com.apple.product-type.application";
		};
		918BD0402792AC97004421CA /* Tests iOS */ = {
			isa = PBXNativeTarget;
			buildConfigurationList = 918BD0632792AC97004421CA /* Build configuration list for PBXNativeTarget "Tests iOS" */;
			buildPhases = (
				918BD03D2792AC97004421CA /* Sources */,
				918BD03E2792AC97004421CA /* Frameworks */,
				918BD03F2792AC97004421CA /* Resources */,
			);
			buildRules = (
			);
			dependencies = (
				918BD0432792AC97004421CA /* PBXTargetDependency */,
			);
			name = "Tests iOS";
			productName = "Tests iOS";
			productReference = 918BD0412792AC97004421CA /* Tests iOS.xctest */;
			productType = "com.apple.product-type.bundle.ui-testing";
		};
		918BD04C2792AC97004421CA /* Tests macOS */ = {
			isa = PBXNativeTarget;
			buildConfigurationList = 918BD0662792AC97004421CA /* Build configuration list for PBXNativeTarget "Tests macOS" */;
			buildPhases = (
				918BD0492792AC97004421CA /* Sources */,
				918BD04A2792AC97004421CA /* Frameworks */,
				918BD04B2792AC97004421CA /* Resources */,
			);
			buildRules = (
			);
			dependencies = (
				918BD04F2792AC97004421CA /* PBXTargetDependency */,
			);
			name = "Tests macOS";
			productName = "Tests macOS";
			productReference = 918BD04D2792AC97004421CA /* Tests macOS.xctest */;
			productType = "com.apple.product-type.bundle.ui-testing";
		};
/* End PBXNativeTarget section */

/* Begin PBXProject section */
		918BD0282792AC97004421CA /* Project object */ = {
			isa = PBXProject;
			attributes = {
				BuildIndependentTargetsInParallel = 1;
				LastSwiftUpdateCheck = 1320;
				LastUpgradeCheck = 1320;
				TargetAttributes = {
					918BD0332792AC97004421CA = {
						CreatedOnToolsVersion = 13.2.1;
					};
					918BD0392792AC97004421CA = {
						CreatedOnToolsVersion = 13.2.1;
					};
					918BD0402792AC97004421CA = {
						CreatedOnToolsVersion = 13.2.1;
						TestTargetID = 918BD0332792AC97004421CA;
					};
					918BD04C2792AC97004421CA = {
						CreatedOnToolsVersion = 13.2.1;
						TestTargetID = 918BD0392792AC97004421CA;
					};
				};
			};
			buildConfigurationList = 918BD02B2792AC97004421CA /* Build configuration list for PBXProject "FinalApp" */;
			compatibilityVersion = "Xcode 13.0";
			developmentRegion = en;
			hasScannedForEncodings = 0;
			knownRegions = (
				en,
				Base,
			);
			mainGroup = 918BD0272792AC97004421CA;
			productRefGroup = 918BD0352792AC97004421CA /* Products */;
			projectDirPath = "";
			projectRoot = "";
			targets = (
				918BD0332792AC97004421CA /* FinalApp (iOS) */,
				918BD0392792AC97004421CA /* FinalApp (macOS) */,
				918BD0402792AC97004421CA /* Tests iOS */,
				918BD04C2792AC97004421CA /* Tests macOS */,
			);
		};
/* End PBXProject section */

/* Begin PBXResourcesBuildPhase section */
		918BD0322792AC97004421CA /* Resources */ = {
			isa = PBXResourcesBuildPhase;
			buildActionMask = 2147483647;
			files = (
				918BD0592792AC97004421CA /* Assets.xcassets in Resources */,
			);
			runOnlyForDeploymentPostprocessing = 0;
		};
		918BD0382792AC97004421CA /* Resources */ = {
			isa = PBXResourcesBuildPhase;
			buildActionMask = 2147483647;
			files = (
				918BD05A2792AC97004421CA /* Assets.xcassets in Resources */,
			);
			runOnlyForDeploymentPostprocessing = 0;
		};
		918BD03F2792AC97004421CA /* Resources */ = {
			isa = PBXResourcesBuildPhase;
			buildActionMask = 2147483647;
			files = (
			);
			runOnlyForDeploymentPostprocessing = 0;
		};
		918BD04B2792AC97004421CA /* Resources */ = {
			isa = PBXResourcesBuildPhase;
			buildActionMask = 2147483647;
			files = (
			);
			runOnlyForDeploymentPostprocessing = 0;
		};
/* End PBXResourcesBuildPhase section */

/* Begin PBXSourcesBuildPhase section */
		918BD0302792AC97004421CA /* Sources */ = {
			isa = PBXSourcesBuildPhase;
			buildActionMask = 2147483647;
			files = (
				918BD0572792AC97004421CA /* ContentView.swift in Sources */,
				918BD0552792AC97004421CA /* FinalAppApp.swift in Sources */,
			);
			runOnlyForDeploymentPostprocessing = 0;
		};
		918BD0362792AC97004421CA /* Sources */ = {
			isa = PBXSourcesBuildPhase;
			buildActionMask = 2147483647;
			files = (
				918BD0582792AC97004421CA /* ContentView.swift in Sources */,
				918BD0562792AC97004421CA /* FinalAppApp.swift in Sources */,
			);
			runOnlyForDeploymentPostprocessing = 0;
		};
		918BD03D2792AC97004421CA /* Sources */ = {
			isa = PBXSourcesBuildPhase;
			buildActionMask = 2147483647;
			files = (
				918BD0482792AC97004421CA /* Tests_iOSLaunchTests.swift in Sources */,
				918BD0462792AC97004421CA /* Tests_iOS.swift in Sources */,
			);
			runOnlyForDeploymentPostprocessing = 0;
		};
		918BD0492792AC97004421CA /* Sources */ = {
			isa = PBXSourcesBuildPhase;
			buildActionMask = 2147483647;
			files = (
				918BD0542792AC97004421CA /* Tests_macOSLaunchTests.swift in Sources */,
				918BD0522792AC97004421CA /* Tests_macOS.swift in Sources */,
			);
			runOnlyForDeploymentPostprocessing = 0;
		};
/* End PBXSourcesBuildPhase section */

/* Begin PBXTargetDependency section */
		918BD0432792AC97004421CA /* PBXTargetDependency */ = {
			isa = PBXTargetDependency;
			target = 918BD0332792AC97004421CA /* FinalApp (iOS) */;
			targetProxy = 918BD0422792AC97004421CA /* PBXContainerItemProxy */;
		};
		918BD04F2792AC97004421CA /* PBXTargetDependency */ = {
			isa = PBXTargetDependency;
			target = 918BD0392792AC97004421CA /* FinalApp (macOS) */;
			targetProxy = 918BD04E2792AC97004421CA /* PBXContainerItemProxy */;
		};
/* End PBXTargetDependency section */

/* Begin XCBuildConfiguration section */
		918BD05B2792AC97004421CA /* Debug */ = {
			isa = XCBuildConfiguration;
			buildSettings = {
				ALWAYS_SEARCH_USER_PATHS = NO;
				CLANG_ANALYZER_NONNULL = YES;
				CLANG_ANALYZER_NUMBER_OBJECT_CONVERSION = YES_AGGRESSIVE;
				CLANG_CXX_LANGUAGE_STANDARD = "gnu++17";
				CLANG_CXX_LIBRARY = "libc++";
				CLANG_ENABLE_MODULES = YES;
				CLANG_ENABLE_OBJC_ARC = YES;
				CLANG_ENABLE_OBJC_WEAK = YES;
				CLANG_WARN_BLOCK_CAPTURE_AUTORELEASING = YES;
				CLANG_WARN_BOOL_CONVERSION = YES;
				CLANG_WARN_COMMA = YES;
				CLANG_WARN_CONSTANT_CONVERSION = YES;
				CLANG_WARN_DEPRECATED_OBJC_IMPLEMENTATIONS = YES;
				CLANG_WARN_DIRECT_OBJC_ISA_USAGE = YES_ERROR;
				CLANG_WARN_DOCUMENTATION_COMMENTS = YES;
				CLANG_WARN_EMPTY_BODY = YES;
				CLANG_WARN_ENUM_CONVERSION = YES;
				CLANG_WARN_INFINITE_RECURSION = YES;
				CLANG_WARN_INT_CONVERSION = YES;
				CLANG_WARN_NON_LITERAL_NULL_CONVERSION = YES;
				CLANG_WARN_OBJC_IMPLICIT_RETAIN_SELF = YES;
				CLANG_WARN_OBJC_LITERAL_CONVERSION = YES;
				CLANG_WARN_OBJC_ROOT_CLASS = YES_ERROR;
				CLANG_WARN_QUOTED_INCLUDE_IN_FRAMEWORK_HEADER = YES;
				CLANG_WARN_RANGE_LOOP_ANALYSIS = YES;
				CLANG_WARN_STRICT_PROTOTYPES = YES;
				CLANG_WARN_SUSPICIOUS_MOVE = YES;
				CLANG_WARN_UNGUARDED_AVAILABILITY = YES_AGGRESSIVE;
				CLANG_WARN_UNREACHABLE_CODE = YES;
				CLANG_WARN__DUPLICATE_METHOD_MATCH = YES;
				COPY_PHASE_STRIP = NO;
				DEBUG_INFORMATION_FORMAT = dwarf;
				ENABLE_STRICT_OBJC_MSGSEND = YES;
				ENABLE_TESTABILITY = YES;
				GCC_C_LANGUAGE_STANDARD = gnu11;
				GCC_DYNAMIC_NO_PIC = NO;
				GCC_NO_COMMON_BLOCKS = YES;
				GCC_OPTIMIZATION_LEVEL = 0;
				GCC_PREPROCESSOR_DEFINITIONS = (
					"DEBUG=1",
					"$(inherited)",
				);
				GCC_WARN_64_TO_32_BIT_CONVERSION = YES;
				GCC_WARN_ABOUT_RETURN_TYPE = YES_ERROR;
				GCC_WARN_UNDECLARED_SELECTOR = YES;
				GCC_WARN_UNINITIALIZED_AUTOS = YES_AGGRESSIVE;
				GCC_WARN_UNUSED_FUNCTION = YES;
				GCC_WARN_UNUSED_VARIABLE = YES;
				MTL_ENABLE_DEBUG_INFO = INCLUDE_SOURCE;
				MTL_FAST_MATH = YES;
				ONLY_ACTIVE_ARCH = YES;
				SWIFT_ACTIVE_COMPILATION_CONDITIONS = DEBUG;
				SWIFT_OPTIMIZATION_LEVEL = "-Onone";
			};
			name = Debug;
		};
		918BD05C2792AC97004421CA /* Release */ = {
			isa = XCBuildConfiguration;
			buildSettings = {
				ALWAYS_SEARCH_USER_PATHS = NO;
				CLANG_ANALYZER_NONNULL = YES;
				CLANG_ANALYZER_NUMBER_OBJECT_CONVERSION = YES_AGGRESSIVE;
				CLANG_CXX_LANGUAGE_STANDARD = "gnu++17";
				CLANG_CXX_LIBRARY = "libc++";
				CLANG_ENABLE_MODULES = YES;
				CLANG_ENABLE_OBJC_ARC = YES;
				CLANG_ENABLE_OBJC_WEAK = YES;
				CLANG_WARN_BLOCK_CAPTURE_AUTORELEASING = YES;
				CLANG_WARN_BOOL_CONVERSION = YES;
				CLANG_WARN_COMMA = YES;
				CLANG_WARN_CONSTANT_CONVERSION = YES;
				CLANG_WARN_DEPRECATED_OBJC_IMPLEMENTATIONS = YES;
				CLANG_WARN_DIRECT_OBJC_ISA_USAGE = YES_ERROR;
				CLANG_WARN_DOCUMENTATION_COMMENTS = YES;
				CLANG_WARN_EMPTY_BODY = YES;
				CLANG_WARN_ENUM_CONVERSION = YES;
				CLANG_WARN_INFINITE_RECURSION = YES;
				CLANG_WARN_INT_CONVERSION = YES;
				CLANG_WARN_NON_LITERAL_NULL_CONVERSION = YES;
				CLANG_WARN_OBJC_IMPLICIT_RETAIN_SELF = YES;
				CLANG_WARN_OBJC_LITERAL_CONVERSION = YES;
				CLANG_WARN_OBJC_ROOT_CLASS = YES_ERROR;
				CLANG_WARN_QUOTED_INCLUDE_IN_FRAMEWORK_HEADER = YES;
				CLANG_WARN_RANGE_LOOP_ANALYSIS = YES;
				CLANG_WARN_STRICT_PROTOTYPES = YES;
				CLANG_WARN_SUSPICIOUS_MOVE = YES;
				CLANG_WARN_UNGUARDED_AVAILABILITY = YES_AGGRESSIVE;
				CLANG_WARN_UNREACHABLE_CODE = YES;
				CLANG_WARN__DUPLICATE_METHOD_MATCH = YES;
				COPY_PHASE_STRIP = NO;
				DEBUG_INFORMATION_FORMAT = "dwarf-with-dsym";
				ENABLE_NS_ASSERTIONS = NO;
				ENABLE_STRICT_OBJC_MSGSEND = YES;
				GCC_C_LANGUAGE_STANDARD = gnu11;
				GCC_NO_COMMON_BLOCKS = YES;
				GCC_WARN_64_TO_32_BIT_CONVERSION = YES;
				GCC_WARN_ABOUT_RETURN_TYPE = YES_ERROR;
				GCC_WARN_UNDECLARED_SELECTOR = YES;
				GCC_WARN_UNINITIALIZED_AUTOS = YES_AGGRESSIVE;
				GCC_WARN_UNUSED_FUNCTION = YES;
				GCC_WARN_UNUSED_VARIABLE = YES;
				MTL_ENABLE_DEBUG_INFO = NO;
				MTL_FAST_MATH = YES;
				SWIFT_COMPILATION_MODE = wholemodule;
				SWIFT_OPTIMIZATION_LEVEL = "-O";
			};
			name = Release;
		};
		918BD05E2792AC97004421CA /* Debug */ = {
			isa = XCBuildConfiguration;
			buildSettings = {
				ASSETCATALOG_COMPILER_APPICON_NAME = AppIcon;
				ASSETCATALOG_COMPILER_GLOBAL_ACCENT_COLOR_NAME = AccentColor;
				CODE_SIGN_STYLE = Automatic;
				CURRENT_PROJECT_VERSION = 1;
				DEVELOPMENT_TEAM = WF4J3YQN3K;
				ENABLE_PREVIEWS = YES;
				GENERATE_INFOPLIST_FILE = YES;
				INFOPLIST_KEY_UIApplicationSceneManifest_Generation = YES;
				INFOPLIST_KEY_UIApplicationSupportsIndirectInputEvents = YES;
				INFOPLIST_KEY_UILaunchScreen_Generation = YES;
				INFOPLIST_KEY_UISupportedInterfaceOrientations = UIInterfaceOrientationPortrait;
				INFOPLIST_KEY_UISupportedInterfaceOrientations_iPad = "UIInterfaceOrientationPortrait UIInterfaceOrientationPortraitUpsideDown UIInterfaceOrientationLandscapeLeft UIInterfaceOrientationLandscapeRight";
				INFOPLIST_KEY_UISupportedInterfaceOrientations_iPhone = "UIInterfaceOrientationPortrait UIInterfaceOrientationLandscapeLeft UIInterfaceOrientationLandscapeRight";
				IPHONEOS_DEPLOYMENT_TARGET = 15.0;
				LD_RUNPATH_SEARCH_PATHS = (
					"$(inherited)",
					"@executable_path/Frameworks",
				);
				MARKETING_VERSION = 1.0;
				PRODUCT_BUNDLE_IDENTIFIER = com.Jonathan.FinalApp;
				PRODUCT_NAME = FinalApp;
				SDKROOT = iphoneos;
				SWIFT_EMIT_LOC_STRINGS = YES;
				SWIFT_VERSION = 5.0;
				TARGETED_DEVICE_FAMILY = 1;
			};
			name = Debug;
		};
		918BD05F2792AC97004421CA /* Release */ = {
			isa = XCBuildConfiguration;
			buildSettings = {
				ASSETCATALOG_COMPILER_APPICON_NAME = AppIcon;
				ASSETCATALOG_COMPILER_GLOBAL_ACCENT_COLOR_NAME = AccentColor;
				CODE_SIGN_STYLE = Automatic;
				CURRENT_PROJECT_VERSION = 1;
				DEVELOPMENT_TEAM = WF4J3YQN3K;
				ENABLE_PREVIEWS = YES;
				GENERATE_INFOPLIST_FILE = YES;
				INFOPLIST_KEY_UIApplicationSceneManifest_Generation = YES;
				INFOPLIST_KEY_UIApplicationSupportsIndirectInputEvents = YES;
				INFOPLIST_KEY_UILaunchScreen_Generation = YES;
				INFOPLIST_KEY_UISupportedInterfaceOrientations = UIInterfaceOrientationPortrait;
				INFOPLIST_KEY_UISupportedInterfaceOrientations_iPad = "UIInterfaceOrientationPortrait UIInterfaceOrientationPortraitUpsideDown UIInterfaceOrientationLandscapeLeft UIInterfaceOrientationLandscapeRight";
				INFOPLIST_KEY_UISupportedInterfaceOrientations_iPhone = "UIInterfaceOrientationPortrait UIInterfaceOrientationLandscapeLeft UIInterfaceOrientationLandscapeRight";
				IPHONEOS_DEPLOYMENT_TARGET = 15.0;
				LD_RUNPATH_SEARCH_PATHS = (
					"$(inherited)",
					"@executable_path/Frameworks",
				);
				MARKETING_VERSION = 1.0;
				PRODUCT_BUNDLE_IDENTIFIER = com.Jonathan.FinalApp;
				PRODUCT_NAME = FinalApp;
				SDKROOT = iphoneos;
				SWIFT_EMIT_LOC_STRINGS = YES;
				SWIFT_VERSION = 5.0;
				TARGETED_DEVICE_FAMILY = 1;
				VALIDATE_PRODUCT = YES;
			};
			name = Release;
		};
		918BD0612792AC97004421CA /* Debug */ = {
			isa = XCBuildConfiguration;
			buildSettings = {
				ASSETCATALOG_COMPILER_APPICON_NAME = AppIcon;
				ASSETCATALOG_COMPILER_GLOBAL_ACCENT_COLOR_NAME = AccentColor;
				CODE_SIGN_ENTITLEMENTS = macOS/macOS.entitlements;
				CODE_SIGN_STYLE = Automatic;
				COMBINE_HIDPI_IMAGES = YES;
				CURRENT_PROJECT_VERSION = 1;
				DEVELOPMENT_TEAM = WF4J3YQN3K;
				ENABLE_HARDENED_RUNTIME = YES;
				ENABLE_PREVIEWS = YES;
				GENERATE_INFOPLIST_FILE = YES;
				INFOPLIST_KEY_NSHumanReadableCopyright = "";
				LD_RUNPATH_SEARCH_PATHS = (
					"$(inherited)",
					"@executable_path/../Frameworks",
				);
				MACOSX_DEPLOYMENT_TARGET = 12.1;
				MARKETING_VERSION = 1.0;
				PRODUCT_BUNDLE_IDENTIFIER = com.Jonathan.FinalApp;
				PRODUCT_NAME = FinalApp;
				SDKROOT = macosx;
				SWIFT_EMIT_LOC_STRINGS = YES;
				SWIFT_VERSION = 5.0;
			};
			name = Debug;
		};
		918BD0622792AC97004421CA /* Release */ = {
			isa = XCBuildConfiguration;
			buildSettings = {
				ASSETCATALOG_COMPILER_APPICON_NAME = AppIcon;
				ASSETCATALOG_COMPILER_GLOBAL_ACCENT_COLOR_NAME = AccentColor;
				CODE_SIGN_ENTITLEMENTS = macOS/macOS.entitlements;
				CODE_SIGN_STYLE = Automatic;
				COMBINE_HIDPI_IMAGES = YES;
				CURRENT_PROJECT_VERSION = 1;
				DEVELOPMENT_TEAM = WF4J3YQN3K;
				ENABLE_HARDENED_RUNTIME = YES;
				ENABLE_PREVIEWS = YES;
				GENERATE_INFOPLIST_FILE = YES;
				INFOPLIST_KEY_NSHumanReadableCopyright = "";
				LD_RUNPATH_SEARCH_PATHS = (
					"$(inherited)",
					"@executable_path/../Frameworks",
				);
				MACOSX_DEPLOYMENT_TARGET = 12.1;
				MARKETING_VERSION = 1.0;
				PRODUCT_BUNDLE_IDENTIFIER = com.Jonathan.FinalApp;
				PRODUCT_NAME = FinalApp;
				SDKROOT = macosx;
				SWIFT_EMIT_LOC_STRINGS = YES;
				SWIFT_VERSION = 5.0;
			};
			name = Release;
		};
		918BD0642792AC97004421CA /* Debug */ = {
			isa = XCBuildConfiguration;
			buildSettings = {
				ALWAYS_EMBED_SWIFT_STANDARD_LIBRARIES = YES;
				"CODE_SIGN_IDENTITY[sdk=macosx*]" = "Apple Development";
				CODE_SIGN_STYLE = Automatic;
				CURRENT_PROJECT_VERSION = 1;
				DEVELOPMENT_TEAM = WF4J3YQN3K;
				GENERATE_INFOPLIST_FILE = YES;
				IPHONEOS_DEPLOYMENT_TARGET = 15.2;
				MARKETING_VERSION = 1.0;
				PRODUCT_BUNDLE_IDENTIFIER = "com.Jonathan.Tests-iOS";
				PRODUCT_NAME = "$(TARGET_NAME)";
				SDKROOT = iphoneos;
				SWIFT_EMIT_LOC_STRINGS = NO;
				SWIFT_VERSION = 5.0;
				TARGETED_DEVICE_FAMILY = "1,2";
				TEST_TARGET_NAME = "FinalApp (iOS)";
			};
			name = Debug;
		};
		918BD0652792AC97004421CA /* Release */ = {
			isa = XCBuildConfiguration;
			buildSettings = {
				ALWAYS_EMBED_SWIFT_STANDARD_LIBRARIES = YES;
				"CODE_SIGN_IDENTITY[sdk=macosx*]" = "Apple Development";
				CODE_SIGN_STYLE = Automatic;
				CURRENT_PROJECT_VERSION = 1;
				DEVELOPMENT_TEAM = WF4J3YQN3K;
				GENERATE_INFOPLIST_FILE = YES;
				IPHONEOS_DEPLOYMENT_TARGET = 15.2;
				MARKETING_VERSION = 1.0;
				PRODUCT_BUNDLE_IDENTIFIER = "com.Jonathan.Tests-iOS";
				PRODUCT_NAME = "$(TARGET_NAME)";
				SDKROOT = iphoneos;
				SWIFT_EMIT_LOC_STRINGS = NO;
				SWIFT_VERSION = 5.0;
				TARGETED_DEVICE_FAMILY = "1,2";
				TEST_TARGET_NAME = "FinalApp (iOS)";
				VALIDATE_PRODUCT = YES;
			};
			name = Release;
		};
		918BD0672792AC97004421CA /* Debug */ = {
			isa = XCBuildConfiguration;
			buildSettings = {
				ALWAYS_EMBED_SWIFT_STANDARD_LIBRARIES = YES;
				CODE_SIGN_STYLE = Automatic;
				CURRENT_PROJECT_VERSION = 1;
				DEVELOPMENT_TEAM = WF4J3YQN3K;
				GENERATE_INFOPLIST_FILE = YES;
				MACOSX_DEPLOYMENT_TARGET = 12.1;
				MARKETING_VERSION = 1.0;
				PRODUCT_BUNDLE_IDENTIFIER = "com.Jonathan.Tests-macOS";
				PRODUCT_NAME = "$(TARGET_NAME)";
				SDKROOT = macosx;
				SWIFT_EMIT_LOC_STRINGS = NO;
				SWIFT_VERSION = 5.0;
				TEST_TARGET_NAME = "FinalApp (macOS)";
			};
			name = Debug;
		};
		918BD0682792AC97004421CA /* Release */ = {
			isa = XCBuildConfiguration;
			buildSettings = {
				ALWAYS_EMBED_SWIFT_STANDARD_LIBRARIES = YES;
				CODE_SIGN_STYLE = Automatic;
				CURRENT_PROJECT_VERSION = 1;
				DEVELOPMENT_TEAM = WF4J3YQN3K;
				GENERATE_INFOPLIST_FILE = YES;
				MACOSX_DEPLOYMENT_TARGET = 12.1;
				MARKETING_VERSION = 1.0;
				PRODUCT_BUNDLE_IDENTIFIER = "com.Jonathan.Tests-macOS";
				PRODUCT_NAME = "$(TARGET_NAME)";
				SDKROOT = macosx;
				SWIFT_EMIT_LOC_STRINGS = NO;
				SWIFT_VERSION = 5.0;
				TEST_TARGET_NAME = "FinalApp (macOS)";
			};
			name = Release;
		};
/* End XCBuildConfiguration section */

/* Begin XCConfigurationList section */
		918BD02B2792AC97004421CA /* Build configuration list for PBXProject "FinalApp" */ = {
			isa = XCConfigurationList;
			buildConfigurations = (
				918BD05B2792AC97004421CA /* Debug */,
				918BD05C2792AC97004421CA /* Release */,
			);
			defaultConfigurationIsVisible = 0;
			defaultConfigurationName = Release;
		};
		918BD05D2792AC97004421CA /* Build configuration list for PBXNativeTarget "FinalApp (iOS)" */ = {
			isa = XCConfigurationList;
			buildConfigurations = (
				918BD05E2792AC97004421CA /* Debug */,
				918BD05F2792AC97004421CA /* Release */,
			);
			defaultConfigurationIsVisible = 0;
			defaultConfigurationName = Release;
		};
		918BD0602792AC97004421CA /* Build configuration list for PBXNativeTarget "FinalApp (macOS)" */ = {
			isa = XCConfigurationList;
			buildConfigurations = (
				918BD0612792AC97004421CA /* Debug */,
				918BD0622792AC97004421CA /* Release */,
			);
			defaultConfigurationIsVisible = 0;
			defaultConfigurationName = Release;
		};
		918BD0632792AC97004421CA /* Build configuration list for PBXNativeTarget "Tests iOS" */ = {
			isa = XCConfigurationList;
			buildConfigurations = (
				918BD0642792AC97004421CA /* Debug */,
				918BD0652792AC97004421CA /* Release */,
			);
			defaultConfigurationIsVisible = 0;
			defaultConfigurationName = Release;
		};
		918BD0662792AC97004421CA /* Build configuration list for PBXNativeTarget "Tests macOS" */ = {
			isa = XCConfigurationList;
			buildConfigurations = (
				918BD0672792AC97004421CA /* Debug */,
				918BD0682792AC97004421CA /* Release */,
			);
			defaultConfigurationIsVisible = 0;
			defaultConfigurationName = Release;
		};
/* End XCConfigurationList section */
	};
	rootObject = 918BD0282792AC97004421CA /* Project object */;
}
